
Microsoft Visual Studio Solution File, Format Version 12.00
# Visual Studio Version 16
VisualStudioVersion = 16.0.29911.84
MinimumVisualStudioVersion = 10.0.40219.1
Project("{FAE04EC0-301F-11D3-BF4B-00C04F79EFBC}") = "Restik", "Restik.csproj", "{1925789A-A252-4CF3-9249-0132778B0416}"
EndProject
Global
	GlobalSection(SolutionConfigurationPlatforms) = preSolution
		Debug|Any CPU = Debug|Any CPU
		Release|Any CPU = Release|Any CPU
	EndGlobalSection
	GlobalSection(ProjectConfigurationPlatforms) = postSolution
		{1925789A-A252-4CF3-9249-0132778B0416}.Debug|Any CPU.ActiveCfg = Debug|Any CPU
		{1925789A-A252-4CF3-9249-0132778B0416}.Debug|Any CPU.Build.0 = Debug|Any CPU
		{1925789A-A252-4CF3-9249-0132778B0416}.Release|Any CPU.ActiveCfg = Release|Any CPU
		{1925789A-A252-4CF3-9249-0132778B0416}.Release|Any CPU.Build.0 = Release|Any CPU
	EndGlobalSection
	GlobalSection(SolutionProperties) = preSolution
		HideSolutionNode = FALSE
	EndGlobalSection
	GlobalSection(ExtensibilityGlobals) = postSolution
		SolutionGuid = {9EB864FC-2ECF-4FC3-9103-BC55E17CFDDC}
	EndGlobalSection
EndGlobal
